
Microsoft Visual Studio Solution File, Format Version 12.00
# Visual Studio 2012
Project("{FAE04EC0-301F-11D3-BF4B-00C04F79EFBC}") = "Tutorial2", "..\Tutorial2\Tutorial2.csproj", "{E54BB75F-7BE5-4A3A-9B48-3DA91643B636}"
EndProject
Project("{FAE04EC0-301F-11D3-BF4B-00C04F79EFBC}") = "Tutorial3", "..\Tutorial3\Tutorial3.csproj", "{7A5E07FF-7EA3-4B01-92D2-38E2FADC8454}"
EndProject
Project("{FAE04EC0-301F-11D3-BF4B-00C04F79EFBC}") = "Tutorial4", "..\Tutorial4\Tutorial4.csproj", "{6B3CBCB8-C2C6-4EA4-9FFD-1AF153EC494C}"
EndProject
Project("{FAE04EC0-301F-11D3-BF4B-00C04F79EFBC}") = "Tutorial5", "..\Tutorial5\Tutorial5.csproj", "{0B509DBD-E754-45DF-8B07-C3C1FF428AE9}"
EndProject
Project("{FAE04EC0-301F-11D3-BF4B-00C04F79EFBC}") = "Tutorial6", "..\Tutorial6\Tutorial6.csproj", "{40EC3514-20FC-40F9-8B1F-1E53B6B773FC}"
EndProject
Project("{FAE04EC0-301F-11D3-BF4B-00C04F79EFBC}") = "Tutorial7", "..\Tutorial7\Tutorial7.csproj", "{72330830-135D-4903-B889-12CCBB9F899B}"
EndProject
Project("{FAE04EC0-301F-11D3-BF4B-00C04F79EFBC}") = "Tutorial8", "..\Tutorial8\Tutorial8.csproj", "{3101FD6C-4872-4E7C-9DAD-20FB1AAFDE41}"
EndProject
Project("{FAE04EC0-301F-11D3-BF4B-00C04F79EFBC}") = "Tutorial9", "..\Tutorial9\Tutorial9.csproj", "{A2434BAD-777E-4C07-99F8-0F4FB43CE473}"
EndProject
Project("{FAE04EC0-301F-11D3-BF4B-00C04F79EFBC}") = "Tutorial10", "..\Tutorial10\Tutorial10.csproj", "{52977CF1-11E1-4CDA-AC68-5118DEC0B937}"
EndProject
Project("{FAE04EC0-301F-11D3-BF4B-00C04F79EFBC}") = "Tutorial11", "..\Tutorial11\Tutorial11.csproj", "{DD2CD54D-AED6-4465-A2A1-1178D299770D}"
EndProject
Project("{FAE04EC0-301F-11D3-BF4B-00C04F79EFBC}") = "Tutorial12", "..\Tutorial12\Tutorial12.csproj", "{7F729751-29CC-4FCC-B28B-C73ABC833A9A}"
EndProject
Project("{FAE04EC0-301F-11D3-BF4B-00C04F79EFBC}") = "Tutorial13", "..\Tutorial13\Tutorial13.csproj", "{2FF969EF-863B-44CE-9410-3AB4EB77F9EF}"
EndProject
Project("{FAE04EC0-301F-11D3-BF4B-00C04F79EFBC}") = "Tutorial14", "..\Tutorial14\Tutorial14.csproj", "{8D81D137-39DE-410A-AF44-E7B2BEFA416B}"
EndProject
Project("{FAE04EC0-301F-11D3-BF4B-00C04F79EFBC}") = "Tutorial15", "..\Tutorial15\Tutorial15.csproj", "{E977F415-52AD-40AB-AF07-497A3148D139}"
EndProject
Project("{FAE04EC0-301F-11D3-BF4B-00C04F79EFBC}") = "Tutorial16", "..\Tutorial16\Tutorial16.csproj", "{945CC8AF-DC99-429A-8F93-0F7806F61224}"
EndProject
Project("{FAE04EC0-301F-11D3-BF4B-00C04F79EFBC}") = "Tutorial17", "..\Tutorial17\Tutorial17.csproj", "{ECF24377-0552-422E-A420-9C7547807254}"
EndProject
Project("{FAE04EC0-301F-11D3-BF4B-00C04F79EFBC}") = "Tutorial18", "..\Tutorial18\Tutorial18.csproj", "{18C0F5C3-B68B-4BC9-9028-F31299E5FF6E}"
EndProject
Project("{FAE04EC0-301F-11D3-BF4B-00C04F79EFBC}") = "Tutorial19", "..\Tutorial19\Tutorial19.csproj", "{40EE8B37-0EF9-4700-9746-ED082402CA1A}"
EndProject
Project("{FAE04EC0-301F-11D3-BF4B-00C04F79EFBC}") = "Tutorial20", "..\Tutorial20\Tutorial20.csproj", "{C3B1AC13-1B1C-4DAE-8635-16F7AFD11D0E}"
EndProject
Project("{FAE04EC0-301F-11D3-BF4B-00C04F79EFBC}") = "Tutorial21", "..\Tutorial21\Tutorial21.csproj", "{841C8A2A-1501-4A38-B328-EE4EC4567C2C}"
EndProject
Project("{FAE04EC0-301F-11D3-BF4B-00C04F79EFBC}") = "Tutorial22", "..\Tutorial22\Tutorial22.csproj", "{625983A1-DFF2-4C31-A834-C7DC61653804}"
EndProject
Project("{FAE04EC0-301F-11D3-BF4B-00C04F79EFBC}") = "Tutorial23", "..\Tutorial23\Tutorial23.csproj", "{70C0FB1C-446D-42EC-825B-4084DD9CB452}"
EndProject
Project("{FAE04EC0-301F-11D3-BF4B-00C04F79EFBC}") = "Tutorial24", "..\Tutorial24\Tutorial24.csproj", "{950B0371-1BE5-4D2A-B1B4-B65EF2A5FD3A}"
EndProject
Project("{FAE04EC0-301F-11D3-BF4B-00C04F79EFBC}") = "Tutorial25", "..\Tutorial25\Tutorial25.csproj", "{20783447-C461-4F56-99FF-F7FCCE6EB5AB}"
EndProject
Project("{FAE04EC0-301F-11D3-BF4B-00C04F79EFBC}") = "Tutorial26", "..\Tutorial26\Tutorial26.csproj", "{6E85DEEE-1E34-4E79-B329-E986B2625B33}"
EndProject
Global
	GlobalSection(SolutionConfigurationPlatforms) = preSolution
		Debug|x86 = Debug|x86
		Release|x86 = Release|x86
	EndGlobalSection
	GlobalSection(ProjectConfigurationPlatforms) = postSolution
		{E54BB75F-7BE5-4A3A-9B48-3DA91643B636}.Debug|x86.ActiveCfg = Debug|x86
		{E54BB75F-7BE5-4A3A-9B48-3DA91643B636}.Debug|x86.Build.0 = Debug|x86
		{E54BB75F-7BE5-4A3A-9B48-3DA91643B636}.Release|x86.ActiveCfg = Release|x86
		{E54BB75F-7BE5-4A3A-9B48-3DA91643B636}.Release|x86.Build.0 = Release|x86
		{7A5E07FF-7EA3-4B01-92D2-38E2FADC8454}.Debug|x86.ActiveCfg = Debug|x86
		{7A5E07FF-7EA3-4B01-92D2-38E2FADC8454}.Debug|x86.Build.0 = Debug|x86
		{7A5E07FF-7EA3-4B01-92D2-38E2FADC8454}.Release|x86.ActiveCfg = Release|x86
		{7A5E07FF-7EA3-4B01-92D2-38E2FADC8454}.Release|x86.Build.0 = Release|x86
		{6B3CBCB8-C2C6-4EA4-9FFD-1AF153EC494C}.Debug|x86.ActiveCfg = Debug|x86
		{6B3CBCB8-C2C6-4EA4-9FFD-1AF153EC494C}.Debug|x86.Build.0 = Debug|x86
		{6B3CBCB8-C2C6-4EA4-9FFD-1AF153EC494C}.Release|x86.ActiveCfg = Release|x86
		{6B3CBCB8-C2C6-4EA4-9FFD-1AF153EC494C}.Release|x86.Build.0 = Release|x86
		{0B509DBD-E754-45DF-8B07-C3C1FF428AE9}.Debug|x86.ActiveCfg = Debug|x86
		{0B509DBD-E754-45DF-8B07-C3C1FF428AE9}.Debug|x86.Build.0 = Debug|x86
		{0B509DBD-E754-45DF-8B07-C3C1FF428AE9}.Release|x86.ActiveCfg = Release|x86
		{0B509DBD-E754-45DF-8B07-C3C1FF428AE9}.Release|x86.Build.0 = Release|x86
		{40EC3514-20FC-40F9-8B1F-1E53B6B773FC}.Debug|x86.ActiveCfg = Debug|x86
		{40EC3514-20FC-40F9-8B1F-1E53B6B773FC}.Debug|x86.Build.0 = Debug|x86
		{40EC3514-20FC-40F9-8B1F-1E53B6B773FC}.Release|x86.ActiveCfg = Release|x86
		{40EC3514-20FC-40F9-8B1F-1E53B6B773FC}.Release|x86.Build.0 = Release|x86
		{72330830-135D-4903-B889-12CCBB9F899B}.Debug|x86.ActiveCfg = Debug|x86
		{72330830-135D-4903-B889-12CCBB9F899B}.Debug|x86.Build.0 = Debug|x86
		{72330830-135D-4903-B889-12CCBB9F899B}.Release|x86.ActiveCfg = Release|x86
		{72330830-135D-4903-B889-12CCBB9F899B}.Release|x86.Build.0 = Release|x86
		{3101FD6C-4872-4E7C-9DAD-20FB1AAFDE41}.Debug|x86.ActiveCfg = Debug|x86
		{3101FD6C-4872-4E7C-9DAD-20FB1AAFDE41}.Debug|x86.Build.0 = Debug|x86
		{3101FD6C-4872-4E7C-9DAD-20FB1AAFDE41}.Release|x86.ActiveCfg = Release|x86
		{3101FD6C-4872-4E7C-9DAD-20FB1AAFDE41}.Release|x86.Build.0 = Release|x86
		{A2434BAD-777E-4C07-99F8-0F4FB43CE473}.Debug|x86.ActiveCfg = Debug|x86
		{A2434BAD-777E-4C07-99F8-0F4FB43CE473}.Debug|x86.Build.0 = Debug|x86
		{A2434BAD-777E-4C07-99F8-0F4FB43CE473}.Release|x86.ActiveCfg = Release|x86
		{A2434BAD-777E-4C07-99F8-0F4FB43CE473}.Release|x86.Build.0 = Release|x86
		{52977CF1-11E1-4CDA-AC68-5118DEC0B937}.Debug|x86.ActiveCfg = Debug|x86
		{52977CF1-11E1-4CDA-AC68-5118DEC0B937}.Debug|x86.Build.0 = Debug|x86
		{52977CF1-11E1-4CDA-AC68-5118DEC0B937}.Release|x86.ActiveCfg = Release|x86
		{52977CF1-11E1-4CDA-AC68-5118DEC0B937}.Release|x86.Build.0 = Release|x86
		{DD2CD54D-AED6-4465-A2A1-1178D299770D}.Debug|x86.ActiveCfg = Debug|x86
		{DD2CD54D-AED6-4465-A2A1-1178D299770D}.Debug|x86.Build.0 = Debug|x86
		{DD2CD54D-AED6-4465-A2A1-1178D299770D}.Release|x86.ActiveCfg = Release|x86
		{DD2CD54D-AED6-4465-A2A1-1178D299770D}.Release|x86.Build.0 = Release|x86
		{7F729751-29CC-4FCC-B28B-C73ABC833A9A}.Debug|x86.ActiveCfg = Debug|x86
		{7F729751-29CC-4FCC-B28B-C73ABC833A9A}.Debug|x86.Build.0 = Debug|x86
		{7F729751-29CC-4FCC-B28B-C73ABC833A9A}.Release|x86.ActiveCfg = Release|x86
		{7F729751-29CC-4FCC-B28B-C73ABC833A9A}.Release|x86.Build.0 = Release|x86
		{2FF969EF-863B-44CE-9410-3AB4EB77F9EF}.Debug|x86.ActiveCfg = Debug|x86
		{2FF969EF-863B-44CE-9410-3AB4EB77F9EF}.Debug|x86.Build.0 = Debug|x86
		{2FF969EF-863B-44CE-9410-3AB4EB77F9EF}.Release|x86.ActiveCfg = Release|x86
		{2FF969EF-863B-44CE-9410-3AB4EB77F9EF}.Release|x86.Build.0 = Release|x86
		{8D81D137-39DE-410A-AF44-E7B2BEFA416B}.Debug|x86.ActiveCfg = Debug|x86
		{8D81D137-39DE-410A-AF44-E7B2BEFA416B}.Debug|x86.Build.0 = Debug|x86
		{8D81D137-39DE-410A-AF44-E7B2BEFA416B}.Release|x86.ActiveCfg = Release|x86
		{8D81D137-39DE-410A-AF44-E7B2BEFA416B}.Release|x86.Build.0 = Release|x86
		{E977F415-52AD-40AB-AF07-497A3148D139}.Debug|x86.ActiveCfg = Debug|x86
		{E977F415-52AD-40AB-AF07-497A3148D139}.Debug|x86.Build.0 = Debug|x86
		{E977F415-52AD-40AB-AF07-497A3148D139}.Release|x86.ActiveCfg = Release|x86
		{E977F415-52AD-40AB-AF07-497A3148D139}.Release|x86.Build.0 = Release|x86
		{945CC8AF-DC99-429A-8F93-0F7806F61224}.Debug|x86.ActiveCfg = Debug|x86
		{945CC8AF-DC99-429A-8F93-0F7806F61224}.Debug|x86.Build.0 = Debug|x86
		{945CC8AF-DC99-429A-8F93-0F7806F61224}.Release|x86.ActiveCfg = Release|x86
		{945CC8AF-DC99-429A-8F93-0F7806F61224}.Release|x86.Build.0 = Release|x86
		{ECF24377-0552-422E-A420-9C7547807254}.Debug|x86.ActiveCfg = Debug|x86
		{ECF24377-0552-422E-A420-9C7547807254}.Debug|x86.Build.0 = Debug|x86
		{ECF24377-0552-422E-A420-9C7547807254}.Release|x86.ActiveCfg = Release|x86
		{ECF24377-0552-422E-A420-9C7547807254}.Release|x86.Build.0 = Release|x86
		{18C0F5C3-B68B-4BC9-9028-F31299E5FF6E}.Debug|x86.ActiveCfg = Debug|x86
		{18C0F5C3-B68B-4BC9-9028-F31299E5FF6E}.Debug|x86.Build.0 = Debug|x86
		{18C0F5C3-B68B-4BC9-9028-F31299E5FF6E}.Release|x86.ActiveCfg = Release|x86
		{18C0F5C3-B68B-4BC9-9028-F31299E5FF6E}.Release|x86.Build.0 = Release|x86
		{40EE8B37-0EF9-4700-9746-ED082402CA1A}.Debug|x86.ActiveCfg = Debug|x86
		{40EE8B37-0EF9-4700-9746-ED082402CA1A}.Debug|x86.Build.0 = Debug|x86
		{40EE8B37-0EF9-4700-9746-ED082402CA1A}.Release|x86.ActiveCfg = Release|x86
		{40EE8B37-0EF9-4700-9746-ED082402CA1A}.Release|x86.Build.0 = Release|x86
		{C3B1AC13-1B1C-4DAE-8635-16F7AFD11D0E}.Debug|x86.ActiveCfg = Debug|x86
		{C3B1AC13-1B1C-4DAE-8635-16F7AFD11D0E}.Debug|x86.Build.0 = Debug|x86
		{C3B1AC13-1B1C-4DAE-8635-16F7AFD11D0E}.Release|x86.ActiveCfg = Release|x86
		{C3B1AC13-1B1C-4DAE-8635-16F7AFD11D0E}.Release|x86.Build.0 = Release|x86
		{841C8A2A-1501-4A38-B328-EE4EC4567C2C}.Debug|x86.ActiveCfg = Debug|x86
		{841C8A2A-1501-4A38-B328-EE4EC4567C2C}.Debug|x86.Build.0 = Debug|x86
		{841C8A2A-1501-4A38-B328-EE4EC4567C2C}.Release|x86.ActiveCfg = Release|x86
		{841C8A2A-1501-4A38-B328-EE4EC4567C2C}.Release|x86.Build.0 = Release|x86
		{625983A1-DFF2-4C31-A834-C7DC61653804}.Debug|x86.ActiveCfg = Debug|x86
		{625983A1-DFF2-4C31-A834-C7DC61653804}.Debug|x86.Build.0 = Debug|x86
		{625983A1-DFF2-4C31-A834-C7DC61653804}.Release|x86.ActiveCfg = Release|x86
		{625983A1-DFF2-4C31-A834-C7DC61653804}.Release|x86.Build.0 = Release|x86
		{70C0FB1C-446D-42EC-825B-4084DD9CB452}.Debug|x86.ActiveCfg = Debug|x86
		{70C0FB1C-446D-42EC-825B-4084DD9CB452}.Debug|x86.Build.0 = Debug|x86
		{70C0FB1C-446D-42EC-825B-4084DD9CB452}.Release|x86.ActiveCfg = Release|x86
		{70C0FB1C-446D-42EC-825B-4084DD9CB452}.Release|x86.Build.0 = Release|x86
		{950B0371-1BE5-4D2A-B1B4-B65EF2A5FD3A}.Debug|x86.ActiveCfg = Debug|x86
		{950B0371-1BE5-4D2A-B1B4-B65EF2A5FD3A}.Debug|x86.Build.0 = Debug|x86
		{950B0371-1BE5-4D2A-B1B4-B65EF2A5FD3A}.Release|x86.ActiveCfg = Release|x86
		{950B0371-1BE5-4D2A-B1B4-B65EF2A5FD3A}.Release|x86.Build.0 = Release|x86
		{20783447-C461-4F56-99FF-F7FCCE6EB5AB}.Debug|x86.ActiveCfg = Debug|x86
		{20783447-C461-4F56-99FF-F7FCCE6EB5AB}.Debug|x86.Build.0 = Debug|x86
		{20783447-C461-4F56-99FF-F7FCCE6EB5AB}.Release|x86.ActiveCfg = Release|x86
		{20783447-C461-4F56-99FF-F7FCCE6EB5AB}.Release|x86.Build.0 = Release|x86
		{6E85DEEE-1E34-4E79-B329-E986B2625B33}.Debug|x86.ActiveCfg = Debug|x86
		{6E85DEEE-1E34-4E79-B329-E986B2625B33}.Debug|x86.Build.0 = Debug|x86
		{6E85DEEE-1E34-4E79-B329-E986B2625B33}.Release|x86.ActiveCfg = Release|x86
		{6E85DEEE-1E34-4E79-B329-E986B2625B33}.Release|x86.Build.0 = Release|x86
	EndGlobalSection
	GlobalSection(SolutionProperties) = preSolution
		HideSolutionNode = FALSE
	EndGlobalSection
EndGlobal
